
Microsoft Visual Studio Solution File, Format Version 12.00
# Visual Studio Version 16
VisualStudioVersion = 16.0.31402.337
MinimumVisualStudioVersion = 10.0.40219.1
Project("{FAE04EC0-301F-11D3-BF4B-00C04F79EFBC}") = "WpfApp1", "WpfApp1\WpfApp1.csproj", "{2506D748-717A-444E-8205-DE2828B670E1}"
EndProject
Global
	GlobalSection(SolutionConfigurationPlatforms) = preSolution
		Debug|Any CPU = Debug|Any CPU
		Release|Any CPU = Release|Any CPU
	EndGlobalSection
	GlobalSection(ProjectConfigurationPlatforms) = postSolution
		{2506D748-717A-444E-8205-DE2828B670E1}.Debug|Any CPU.ActiveCfg = Debug|Any CPU
		{2506D748-717A-444E-8205-DE2828B670E1}.Debug|Any CPU.Build.0 = Debug|Any CPU
		{2506D748-717A-444E-8205-DE2828B670E1}.Release|Any CPU.ActiveCfg = Release|Any CPU
		{2506D748-717A-444E-8205-DE2828B670E1}.Release|Any CPU.Build.0 = Release|Any CPU
	EndGlobalSection
	GlobalSection(SolutionProperties) = preSolution
		HideSolutionNode = FALSE
	EndGlobalSection
	GlobalSection(ExtensibilityGlobals) = postSolution
		SolutionGuid = {6A71E5CC-D4D6-441F-8219-5307B057E6A8}
	EndGlobalSection
EndGlobal
